
Microsoft Visual Studio Solution File, Format Version 12.00
# Visual Studio Version 17
VisualStudioVersion = 17.7.34031.279
MinimumVisualStudioVersion = 10.0.40219.1
Project("{FAE04EC0-301F-11D3-BF4B-00C04F79EFBC}") = "Stored Proedure", "Stored Proedure\Stored Proedure.csproj", "{3F98141C-6497-49C3-928D-8D352B781442}"
EndProject
Global
	GlobalSection(SolutionConfigurationPlatforms) = preSolution
		Debug|Any CPU = Debug|Any CPU
		Release|Any CPU = Release|Any CPU
	EndGlobalSection
	GlobalSection(ProjectConfigurationPlatforms) = postSolution
		{3F98141C-6497-49C3-928D-8D352B781442}.Debug|Any CPU.ActiveCfg = Debug|Any CPU
		{3F98141C-6497-49C3-928D-8D352B781442}.Debug|Any CPU.Build.0 = Debug|Any CPU
		{3F98141C-6497-49C3-928D-8D352B781442}.Release|Any CPU.ActiveCfg = Release|Any CPU
		{3F98141C-6497-49C3-928D-8D352B781442}.Release|Any CPU.Build.0 = Release|Any CPU
	EndGlobalSection
	GlobalSection(SolutionProperties) = preSolution
		HideSolutionNode = FALSE
	EndGlobalSection
	GlobalSection(ExtensibilityGlobals) = postSolution
		SolutionGuid = {10752567-EA48-4ADA-81FB-BE01ECA1FEEB}
	EndGlobalSection
EndGlobal
